// !$*UTF8*$!
{
	archiveVersion = 1;
	classes = {
	};
	objectVersion = 55;
	objects = {

/* Begin PBXBuildFile section */
		589EE55D27BD316300D38DF2 /* blank.png in Resources */ = {isa = PBXBuildFile; fileRef = 589EE55C27BD316300D38DF2 /* blank.png */; };
		589EE56027BDA78900D38DF2 /* MasterViewController.swift in Sources */ = {isa = PBXBuildFile; fileRef = 589EE55E27BDA78900D38DF2 /* MasterViewController.swift */; };
		589EE56127BDA78900D38DF2 /* SideBarController.swift in Sources */ = {isa = PBXBuildFile; fileRef = 589EE55F27BDA78900D38DF2 /* SideBarController.swift */; };
		58D9049027B17A5C0051C600 /* AppDelegate.swift in Sources */ = {isa = PBXBuildFile; fileRef = 58D9048F27B17A5C0051C600 /* AppDelegate.swift */; };
		58D9049227B17A5C0051C600 /* ViewController.swift in Sources */ = {isa = PBXBuildFile; fileRef = 58D9049127B17A5C0051C600 /* ViewController.swift */; };
		58D9049427B17A5D0051C600 /* Assets.xcassets in Resources */ = {isa = PBXBuildFile; fileRef = 58D9049327B17A5D0051C600 /* Assets.xcassets */; };
		58D9049727B17A5D0051C600 /* Main.storyboard in Resources */ = {isa = PBXBuildFile; fileRef = 58D9049527B17A5D0051C600 /* Main.storyboard */; };
		58D904A027B17BAA0051C600 /* PythonKit in Frameworks */ = {isa = PBXBuildFile; productRef = 58D9049F27B17BAA0051C600 /* PythonKit */; };
		58D904A427B17FB80051C600 /* voltage.py in Resources */ = {isa = PBXBuildFile; fileRef = 58D904A327B17FB80051C600 /* voltage.py */; };
/* End PBXBuildFile section */

/* Begin PBXFileReference section */
		589EE55C27BD316300D38DF2 /* blank.png */ = {isa = PBXFileReference; lastKnownFileType = image.png; path = blank.png; sourceTree = "<group>"; };
		589EE55E27BDA78900D38DF2 /* MasterViewController.swift */ = {isa = PBXFileReference; fileEncoding = 4; lastKnownFileType = sourcecode.swift; path = MasterViewController.swift; sourceTree = "<group>"; };
		589EE55F27BDA78900D38DF2 /* SideBarController.swift */ = {isa = PBXFileReference; fileEncoding = 4; lastKnownFileType = sourcecode.swift; path = SideBarController.swift; sourceTree = "<group>"; };
		58D9048C27B17A5C0051C600 /* SciTool.app */ = {isa = PBXFileReference; explicitFileType = wrapper.application; includeInIndex = 0; path = SciTool.app; sourceTree = BUILT_PRODUCTS_DIR; };
		58D9048F27B17A5C0051C600 /* AppDelegate.swift */ = {isa = PBXFileReference; lastKnownFileType = sourcecode.swift; path = AppDelegate.swift; sourceTree = "<group>"; };
		58D9049127B17A5C0051C600 /* ViewController.swift */ = {isa = PBXFileReference; lastKnownFileType = sourcecode.swift; path = ViewController.swift; sourceTree = "<group>"; };
		58D9049327B17A5D0051C600 /* Assets.xcassets */ = {isa = PBXFileReference; lastKnownFileType = folder.assetcatalog; path = Assets.xcassets; sourceTree = "<group>"; };
		58D9049627B17A5D0051C600 /* Base */ = {isa = PBXFileReference; lastKnownFileType = file.storyboard; name = Base; path = Base.lproj/Main.storyboard; sourceTree = "<group>"; };
		58D9049827B17A5D0051C600 /* SciTool.entitlements */ = {isa = PBXFileReference; lastKnownFileType = text.plist.entitlements; path = SciTool.entitlements; sourceTree = "<group>"; };
		58D904A327B17FB80051C600 /* voltage.py */ = {isa = PBXFileReference; fileEncoding = 4; lastKnownFileType = text.script.python; path = voltage.py; sourceTree = "<group>"; };
/* End PBXFileReference section */

/* Begin PBXFrameworksBuildPhase section */
		58D9048927B17A5C0051C600 /* Frameworks */ = {
			isa = PBXFrameworksBuildPhase;
			buildActionMask = 2147483647;
			files = (
				58D904A027B17BAA0051C600 /* PythonKit in Frameworks */,
			);
			runOnlyForDeploymentPostprocessing = 0;
		};
/* End PBXFrameworksBuildPhase section */

/* Begin PBXGroup section */
		58D9048327B17A5C0051C600 = {
			isa = PBXGroup;
			children = (
				58D9048E27B17A5C0051C600 /* SciTool */,
				58D9048D27B17A5C0051C600 /* Products */,
			);
			sourceTree = "<group>";
		};
		58D9048D27B17A5C0051C600 /* Products */ = {
			isa = PBXGroup;
			children = (
				58D9048C27B17A5C0051C600 /* SciTool.app */,
			);
			name = Products;
			sourceTree = "<group>";
		};
		58D9048E27B17A5C0051C600 /* SciTool */ = {
			isa = PBXGroup;
			children = (
				589EE55E27BDA78900D38DF2 /* MasterViewController.swift */,
				589EE55F27BDA78900D38DF2 /* SideBarController.swift */,
				58D9048F27B17A5C0051C600 /* AppDelegate.swift */,
				58D9049127B17A5C0051C600 /* ViewController.swift */,
				58D9049327B17A5D0051C600 /* Assets.xcassets */,
				58D9049527B17A5D0051C600 /* Main.storyboard */,
				58D9049827B17A5D0051C600 /* SciTool.entitlements */,
				58D904A327B17FB80051C600 /* voltage.py */,
				589EE55C27BD316300D38DF2 /* blank.png */,
			);
			path = SciTool;
			sourceTree = "<group>";
		};
/* End PBXGroup section */

/* Begin PBXNativeTarget section */
		58D9048B27B17A5C0051C600 /* SciTool */ = {
			isa = PBXNativeTarget;
			buildConfigurationList = 58D9049B27B17A5D0051C600 /* Build configuration list for PBXNativeTarget "SciTool" */;
			buildPhases = (
				58D9048827B17A5C0051C600 /* Sources */,
				58D9048927B17A5C0051C600 /* Frameworks */,
				58D9048A27B17A5C0051C600 /* Resources */,
				58850B0E27CD852300EB1BC8 /* ShellScript */,
			);
			buildRules = (
			);
			dependencies = (
			);
			name = SciTool;
			packageProductDependencies = (
				58D9049F27B17BAA0051C600 /* PythonKit */,
			);
			productName = SciTool;
			productReference = 58D9048C27B17A5C0051C600 /* SciTool.app */;
			productType = "com.apple.product-type.application";
		};
/* End PBXNativeTarget section */

/* Begin PBXProject section */
		58D9048427B17A5C0051C600 /* Project object */ = {
			isa = PBXProject;
			attributes = {
				BuildIndependentTargetsInParallel = 1;
				LastSwiftUpdateCheck = 1320;
				LastUpgradeCheck = 1320;
				TargetAttributes = {
					58D9048B27B17A5C0051C600 = {
						CreatedOnToolsVersion = 13.2.1;
					};
				};
			};
			buildConfigurationList = 58D9048727B17A5C0051C600 /* Build configuration list for PBXProject "SciTool" */;
			compatibilityVersion = "Xcode 13.0";
			developmentRegion = en;
			hasScannedForEncodings = 0;
			knownRegions = (
				en,
				Base,
			);
			mainGroup = 58D9048327B17A5C0051C600;
			packageReferences = (
				58D9049E27B17BAA0051C600 /* XCRemoteSwiftPackageReference "PythonKit" */,
			);
			productRefGroup = 58D9048D27B17A5C0051C600 /* Products */;
			projectDirPath = "";
			projectRoot = "";
			targets = (
				58D9048B27B17A5C0051C600 /* SciTool */,
			);
		};
/* End PBXProject section */

/* Begin PBXResourcesBuildPhase section */
		58D9048A27B17A5C0051C600 /* Resources */ = {
			isa = PBXResourcesBuildPhase;
			buildActionMask = 2147483647;
			files = (
				58D9049427B17A5D0051C600 /* Assets.xcassets in Resources */,
				58D9049727B17A5D0051C600 /* Main.storyboard in Resources */,
				58D904A427B17FB80051C600 /* voltage.py in Resources */,
				589EE55D27BD316300D38DF2 /* blank.png in Resources */,
			);
			runOnlyForDeploymentPostprocessing = 0;
		};
/* End PBXResourcesBuildPhase section */

/* Begin PBXShellScriptBuildPhase section */
		58850B0E27CD852300EB1BC8 /* ShellScript */ = {
			isa = PBXShellScriptBuildPhase;
			buildActionMask = 2147483647;
			files = (
			);
			inputFileListPaths = (
			);
			inputPaths = (
			);
			outputFileListPaths = (
			);
			outputPaths = (
			);
			runOnlyForDeploymentPostprocessing = 0;
			shellPath = /bin/sh;
			shellScript = "# Type a script or drag a script file from your workspace to insert its path.\nxattr -cr ~/Library/Developer/Xcode/DerivedData || echo Clear\n";
		};
/* End PBXShellScriptBuildPhase section */

/* Begin PBXSourcesBuildPhase section */
		58D9048827B17A5C0051C600 /* Sources */ = {
			isa = PBXSourcesBuildPhase;
			buildActionMask = 2147483647;
			files = (
				589EE56027BDA78900D38DF2 /* MasterViewController.swift in Sources */,
				58D9049227B17A5C0051C600 /* ViewController.swift in Sources */,
				589EE56127BDA78900D38DF2 /* SideBarController.swift in Sources */,
				58D9049027B17A5C0051C600 /* AppDelegate.swift in Sources */,
			);
			runOnlyForDeploymentPostprocessing = 0;
		};
/* End PBXSourcesBuildPhase section */

/* Begin PBXVariantGroup section */
		58D9049527B17A5D0051C600 /* Main.storyboard */ = {
			isa = PBXVariantGroup;
			children = (
				58D9049627B17A5D0051C600 /* Base */,
			);
			name = Main.storyboard;
			sourceTree = "<group>";
		};
/* End PBXVariantGroup section */

/* Begin XCBuildConfiguration section */
		58D9049927B17A5D0051C600 /* Debug */ = {
			isa = XCBuildConfiguration;
			buildSettings = {
				ALWAYS_SEARCH_USER_PATHS = NO;
				CLANG_ANALYZER_NONNULL = YES;
				CLANG_ANALYZER_NUMBER_OBJECT_CONVERSION = YES_AGGRESSIVE;
				CLANG_CXX_LANGUAGE_STANDARD = "gnu++17";
				CLANG_CXX_LIBRARY = "libc++";
				CLANG_ENABLE_MODULES = YES;
				CLANG_ENABLE_OBJC_ARC = YES;
				CLANG_ENABLE_OBJC_WEAK = YES;
				CLANG_WARN_BLOCK_CAPTURE_AUTORELEASING = YES;
				CLANG_WARN_BOOL_CONVERSION = YES;
				CLANG_WARN_COMMA = YES;
				CLANG_WARN_CONSTANT_CONVERSION = YES;
				CLANG_WARN_DEPRECATED_OBJC_IMPLEMENTATIONS = YES;
				CLANG_WARN_DIRECT_OBJC_ISA_USAGE = YES_ERROR;
				CLANG_WARN_DOCUMENTATION_COMMENTS = YES;
				CLANG_WARN_EMPTY_BODY = YES;
				CLANG_WARN_ENUM_CONVERSION = YES;
				CLANG_WARN_INFINITE_RECURSION = YES;
				CLANG_WARN_INT_CONVERSION = YES;
				CLANG_WARN_NON_LITERAL_NULL_CONVERSION = YES;
				CLANG_WARN_OBJC_IMPLICIT_RETAIN_SELF = YES;
				CLANG_WARN_OBJC_LITERAL_CONVERSION = YES;
				CLANG_WARN_OBJC_ROOT_CLASS = YES_ERROR;
				CLANG_WARN_QUOTED_INCLUDE_IN_FRAMEWORK_HEADER = YES;
				CLANG_WARN_RANGE_LOOP_ANALYSIS = YES;
				CLANG_WARN_STRICT_PROTOTYPES = YES;
				CLANG_WARN_SUSPICIOUS_MOVE = YES;
				CLANG_WARN_UNGUARDED_AVAILABILITY = YES_AGGRESSIVE;
				CLANG_WARN_UNREACHABLE_CODE = YES;
				CLANG_WARN__DUPLICATE_METHOD_MATCH = YES;
				COPY_PHASE_STRIP = NO;
				DEBUG_INFORMATION_FORMAT = dwarf;
				ENABLE_STRICT_OBJC_MSGSEND = YES;
				ENABLE_TESTABILITY = YES;
				GCC_C_LANGUAGE_STANDARD = gnu11;
				GCC_DYNAMIC_NO_PIC = NO;
				GCC_NO_COMMON_BLOCKS = YES;
				GCC_OPTIMIZATION_LEVEL = 0;
				GCC_PREPROCESSOR_DEFINITIONS = (
					"DEBUG=1",
					"$(inherited)",
				);
				GCC_WARN_64_TO_32_BIT_CONVERSION = YES;
				GCC_WARN_ABOUT_RETURN_TYPE = YES_ERROR;
				GCC_WARN_UNDECLARED_SELECTOR = YES;
				GCC_WARN_UNINITIALIZED_AUTOS = YES_AGGRESSIVE;
				GCC_WARN_UNUSED_FUNCTION = YES;
				GCC_WARN_UNUSED_VARIABLE = YES;
				MACOSX_DEPLOYMENT_TARGET = 12.1;
				MTL_ENABLE_DEBUG_INFO = INCLUDE_SOURCE;
				MTL_FAST_MATH = YES;
				ONLY_ACTIVE_ARCH = YES;
				SDKROOT = macosx;
				SWIFT_ACTIVE_COMPILATION_CONDITIONS = DEBUG;
				SWIFT_OPTIMIZATION_LEVEL = "-Onone";
			};
			name = Debug;
		};
		58D9049A27B17A5D0051C600 /* Release */ = {
			isa = XCBuildConfiguration;
			buildSettings = {
				ALWAYS_SEARCH_USER_PATHS = NO;
				CLANG_ANALYZER_NONNULL = YES;
				CLANG_ANALYZER_NUMBER_OBJECT_CONVERSION = YES_AGGRESSIVE;
				CLANG_CXX_LANGUAGE_STANDARD = "gnu++17";
				CLANG_CXX_LIBRARY = "libc++";
				CLANG_ENABLE_MODULES = YES;
				CLANG_ENABLE_OBJC_ARC = YES;
				CLANG_ENABLE_OBJC_WEAK = YES;
				CLANG_WARN_BLOCK_CAPTURE_AUTORELEASING = YES;
				CLANG_WARN_BOOL_CONVERSION = YES;
				CLANG_WARN_COMMA = YES;
				CLANG_WARN_CONSTANT_CONVERSION = YES;
				CLANG_WARN_DEPRECATED_OBJC_IMPLEMENTATIONS = YES;
				CLANG_WARN_DIRECT_OBJC_ISA_USAGE = YES_ERROR;
				CLANG_WARN_DOCUMENTATION_COMMENTS = YES;
				CLANG_WARN_EMPTY_BODY = YES;
				CLANG_WARN_ENUM_CONVERSION = YES;
				CLANG_WARN_INFINITE_RECURSION = YES;
				CLANG_WARN_INT_CONVERSION = YES;
				CLANG_WARN_NON_LITERAL_NULL_CONVERSION = YES;
				CLANG_WARN_OBJC_IMPLICIT_RETAIN_SELF = YES;
				CLANG_WARN_OBJC_LITERAL_CONVERSION = YES;
				CLANG_WARN_OBJC_ROOT_CLASS = YES_ERROR;
				CLANG_WARN_QUOTED_INCLUDE_IN_FRAMEWORK_HEADER = YES;
				CLANG_WARN_RANGE_LOOP_ANALYSIS = YES;
				CLANG_WARN_STRICT_PROTOTYPES = YES;
				CLANG_WARN_SUSPICIOUS_MOVE = YES;
				CLANG_WARN_UNGUARDED_AVAILABILITY = YES_AGGRESSIVE;
				CLANG_WARN_UNREACHABLE_CODE = YES;
				CLANG_WARN__DUPLICATE_METHOD_MATCH = YES;
				COPY_PHASE_STRIP = NO;
				DEBUG_INFORMATION_FORMAT = "dwarf-with-dsym";
				ENABLE_NS_ASSERTIONS = NO;
				ENABLE_STRICT_OBJC_MSGSEND = YES;
				GCC_C_LANGUAGE_STANDARD = gnu11;
				GCC_NO_COMMON_BLOCKS = YES;
				GCC_WARN_64_TO_32_BIT_CONVERSION = YES;
				GCC_WARN_ABOUT_RETURN_TYPE = YES_ERROR;
				GCC_WARN_UNDECLARED_SELECTOR = YES;
				GCC_WARN_UNINITIALIZED_AUTOS = YES_AGGRESSIVE;
				GCC_WARN_UNUSED_FUNCTION = YES;
				GCC_WARN_UNUSED_VARIABLE = YES;
				MACOSX_DEPLOYMENT_TARGET = 12.1;
				MTL_ENABLE_DEBUG_INFO = NO;
				MTL_FAST_MATH = YES;
				SDKROOT = macosx;
				SWIFT_COMPILATION_MODE = wholemodule;
				SWIFT_OPTIMIZATION_LEVEL = "-O";
			};
			name = Release;
		};
		58D9049C27B17A5D0051C600 /* Debug */ = {
			isa = XCBuildConfiguration;
			buildSettings = {
				ASSETCATALOG_COMPILER_APPICON_NAME = AppIcon;
				ASSETCATALOG_COMPILER_GLOBAL_ACCENT_COLOR_NAME = AccentColor;
				CODE_SIGN_ENTITLEMENTS = SciTool/SciTool.entitlements;
				CODE_SIGN_IDENTITY = "-";
				CODE_SIGN_STYLE = Manual;
				COMBINE_HIDPI_IMAGES = YES;
				CURRENT_PROJECT_VERSION = 1;
				DEVELOPMENT_TEAM = "";
				ENABLE_HARDENED_RUNTIME = YES;
				GENERATE_INFOPLIST_FILE = YES;
				INFOPLIST_KEY_NSHumanReadableCopyright = "";
				INFOPLIST_KEY_NSMainStoryboardFile = Main;
				INFOPLIST_KEY_NSPrincipalClass = NSApplication;
				LD_RUNPATH_SEARCH_PATHS = (
					"$(inherited)",
					"@executable_path/../Frameworks",
				);
				MARKETING_VERSION = 1.0;
				PRODUCT_BUNDLE_IDENTIFIER = com.multiTouchFX.SciTool;
				PRODUCT_NAME = "$(TARGET_NAME)";
				PROVISIONING_PROFILE_SPECIFIER = "";
				SWIFT_EMIT_LOC_STRINGS = YES;
				SWIFT_VERSION = 5.0;
			};
			name = Debug;
		};
		58D9049D27B17A5D0051C600 /* Release */ = {
			isa = XCBuildConfiguration;
			buildSettings = {
				ASSETCATALOG_COMPILER_APPICON_NAME = AppIcon;
				ASSETCATALOG_COMPILER_GLOBAL_ACCENT_COLOR_NAME = AccentColor;
				CODE_SIGN_ENTITLEMENTS = SciTool/SciTool.entitlements;
				CODE_SIGN_IDENTITY = "-";
				CODE_SIGN_STYLE = Manual;
				COMBINE_HIDPI_IMAGES = YES;
				CURRENT_PROJECT_VERSION = 1;
				DEVELOPMENT_TEAM = "";
				ENABLE_HARDENED_RUNTIME = YES;
				GENERATE_INFOPLIST_FILE = YES;
				INFOPLIST_KEY_NSHumanReadableCopyright = "";
				INFOPLIST_KEY_NSMainStoryboardFile = Main;
				INFOPLIST_KEY_NSPrincipalClass = NSApplication;
				LD_RUNPATH_SEARCH_PATHS = (
					"$(inherited)",
					"@executable_path/../Frameworks",
				);
				MARKETING_VERSION = 1.0;
				PRODUCT_BUNDLE_IDENTIFIER = com.multiTouchFX.SciTool;
				PRODUCT_NAME = "$(TARGET_NAME)";
				PROVISIONING_PROFILE_SPECIFIER = "";
				SWIFT_EMIT_LOC_STRINGS = YES;
				SWIFT_VERSION = 5.0;
			};
			name = Release;
		};
/* End XCBuildConfiguration section */

/* Begin XCConfigurationList section */
		58D9048727B17A5C0051C600 /* Build configuration list for PBXProject "SciTool" */ = {
			isa = XCConfigurationList;
			buildConfigurations = (
				58D9049927B17A5D0051C600 /* Debug */,
				58D9049A27B17A5D0051C600 /* Release */,
			);
			defaultConfigurationIsVisible = 0;
			defaultConfigurationName = Release;
		};
		58D9049B27B17A5D0051C600 /* Build configuration list for PBXNativeTarget "SciTool" */ = {
			isa = XCConfigurationList;
			buildConfigurations = (
				58D9049C27B17A5D0051C600 /* Debug */,
				58D9049D27B17A5D0051C600 /* Release */,
			);
			defaultConfigurationIsVisible = 0;
			defaultConfigurationName = Release;
		};
/* End XCConfigurationList section */

/* Begin XCRemoteSwiftPackageReference section */
		58D9049E27B17BAA0051C600 /* XCRemoteSwiftPackageReference "PythonKit" */ = {
			isa = XCRemoteSwiftPackageReference;
			repositoryURL = "https://github.com/pvieito/PythonKit.git";
			requirement = {
				branch = master;
				kind = branch;
			};
		};
/* End XCRemoteSwiftPackageReference section */

/* Begin XCSwiftPackageProductDependency section */
		58D9049F27B17BAA0051C600 /* PythonKit */ = {
			isa = XCSwiftPackageProductDependency;
			package = 58D9049E27B17BAA0051C600 /* XCRemoteSwiftPackageReference "PythonKit" */;
			productName = PythonKit;
		};
/* End XCSwiftPackageProductDependency section */
	};
	rootObject = 58D9048427B17A5C0051C600 /* Project object */;
}
