{
  "pins" : [
    {
      "identity" : "pythonkit",
      "kind" : "remoteSourceControl",
      "location" : "https://github.com/pvieito/PythonKit.git",
      "state" : {
        "branch" : "master",
        "revision" : "81f621d094a7c8923207efe5178f50dba1b56c39"
      }
    }
  ],
  "version" : 2
}
