{
  "object": {
    "pins": [
      {
        "package": "PythonKit",
        "repositoryURL": "https://github.com/pvieito/PythonKit.git",
        "state": {
          "branch": "master",
          "revision": "211d4c877d83c627760e10700677a2ea9b4cdc5e",
          "version": null
        }
      }
    ]
  },
  "version": 1
}
